
Microsoft Visual Studio Solution File, Format Version 12.00
# Visual Studio Version 17
VisualStudioVersion = 17.13.35828.75
MinimumVisualStudioVersion = 10.0.40219.1
Project("{2150E333-8FDC-42A3-9474-1A3956D46DE8}") = "FrontEnd", "FrontEnd", "{02EA681E-C7D8-13C7-8484-4AC65E1B71E8}"
EndProject
Project("{2150E333-8FDC-42A3-9474-1A3956D46DE8}") = "Gateway", "Gateway", "{1F1D4BFA-189C-44F5-BBF6-DF0280871717}"
EndProject
Project("{2150E333-8FDC-42A3-9474-1A3956D46DE8}") = "Integration", "Integration", "{A4D6FCD9-75C5-4CC0-B420-3AE3E050D432}"
EndProject
Project("{2150E333-8FDC-42A3-9474-1A3956D46DE8}") = "Services", "Services", "{6F8309D4-0195-4C03-A97F-8D6ADC21C9E7}"
EndProject
Project("{FAE04EC0-301F-11D3-BF4B-00C04F79EFBC}") = "Mango.Services.CouponAPI", "Mango.Services.CouponAPI\Mango.Services.CouponAPI.csproj", "{1FF7896F-A1EE-4CCE-B1C5-4C893F8ADD95}"
EndProject
Project("{FAE04EC0-301F-11D3-BF4B-00C04F79EFBC}") = "Mango.Web", "Mango.Web\Mango.Web.csproj", "{FBBB7372-1557-4EA6-8F43-E0095A560F37}"
EndProject
Project("{FAE04EC0-301F-11D3-BF4B-00C04F79EFBC}") = "Mango.Services.AuthAPI", "Mango.Services.AuthAPI\Mango.Services.AuthAPI.csproj", "{76A35723-5C1D-4981-B76A-3E5F6146FA22}"
EndProject
Project("{FAE04EC0-301F-11D3-BF4B-00C04F79EFBC}") = "Mango.Services.ProductAPI", "Mango.Services.ProductAPI\Mango.Services.ProductAPI.csproj", "{97AF351C-628C-46E8-913C-7E4E1D801FD8}"
EndProject
Project("{FAE04EC0-301F-11D3-BF4B-00C04F79EFBC}") = "Mango.Services.ShoppingCartAPI", "Mango.Services.ShoppingCartAPI\Mango.Services.ShoppingCartAPI.csproj", "{A1F21A39-51F4-4157-BCDC-7306431B0737}"
EndProject
Global
	GlobalSection(SolutionConfigurationPlatforms) = preSolution
		Debug|Any CPU = Debug|Any CPU
		Release|Any CPU = Release|Any CPU
	EndGlobalSection
	GlobalSection(ProjectConfigurationPlatforms) = postSolution
		{1FF7896F-A1EE-4CCE-B1C5-4C893F8ADD95}.Debug|Any CPU.ActiveCfg = Debug|Any CPU
		{1FF7896F-A1EE-4CCE-B1C5-4C893F8ADD95}.Debug|Any CPU.Build.0 = Debug|Any CPU
		{1FF7896F-A1EE-4CCE-B1C5-4C893F8ADD95}.Release|Any CPU.ActiveCfg = Release|Any CPU
		{1FF7896F-A1EE-4CCE-B1C5-4C893F8ADD95}.Release|Any CPU.Build.0 = Release|Any CPU
		{FBBB7372-1557-4EA6-8F43-E0095A560F37}.Debug|Any CPU.ActiveCfg = Debug|Any CPU
		{FBBB7372-1557-4EA6-8F43-E0095A560F37}.Debug|Any CPU.Build.0 = Debug|Any CPU
		{FBBB7372-1557-4EA6-8F43-E0095A560F37}.Release|Any CPU.ActiveCfg = Release|Any CPU
		{FBBB7372-1557-4EA6-8F43-E0095A560F37}.Release|Any CPU.Build.0 = Release|Any CPU
		{76A35723-5C1D-4981-B76A-3E5F6146FA22}.Debug|Any CPU.ActiveCfg = Debug|Any CPU
		{76A35723-5C1D-4981-B76A-3E5F6146FA22}.Debug|Any CPU.Build.0 = Debug|Any CPU
		{76A35723-5C1D-4981-B76A-3E5F6146FA22}.Release|Any CPU.ActiveCfg = Release|Any CPU
		{76A35723-5C1D-4981-B76A-3E5F6146FA22}.Release|Any CPU.Build.0 = Release|Any CPU
		{97AF351C-628C-46E8-913C-7E4E1D801FD8}.Debug|Any CPU.ActiveCfg = Debug|Any CPU
		{97AF351C-628C-46E8-913C-7E4E1D801FD8}.Debug|Any CPU.Build.0 = Debug|Any CPU
		{97AF351C-628C-46E8-913C-7E4E1D801FD8}.Release|Any CPU.ActiveCfg = Release|Any CPU
		{97AF351C-628C-46E8-913C-7E4E1D801FD8}.Release|Any CPU.Build.0 = Release|Any CPU
		{A1F21A39-51F4-4157-BCDC-7306431B0737}.Debug|Any CPU.ActiveCfg = Debug|Any CPU
		{A1F21A39-51F4-4157-BCDC-7306431B0737}.Debug|Any CPU.Build.0 = Debug|Any CPU
		{A1F21A39-51F4-4157-BCDC-7306431B0737}.Release|Any CPU.ActiveCfg = Release|Any CPU
		{A1F21A39-51F4-4157-BCDC-7306431B0737}.Release|Any CPU.Build.0 = Release|Any CPU
	EndGlobalSection
	GlobalSection(SolutionProperties) = preSolution
		HideSolutionNode = FALSE
	EndGlobalSection
	GlobalSection(NestedProjects) = preSolution
		{1FF7896F-A1EE-4CCE-B1C5-4C893F8ADD95} = {6F8309D4-0195-4C03-A97F-8D6ADC21C9E7}
		{FBBB7372-1557-4EA6-8F43-E0095A560F37} = {02EA681E-C7D8-13C7-8484-4AC65E1B71E8}
		{76A35723-5C1D-4981-B76A-3E5F6146FA22} = {6F8309D4-0195-4C03-A97F-8D6ADC21C9E7}
		{97AF351C-628C-46E8-913C-7E4E1D801FD8} = {6F8309D4-0195-4C03-A97F-8D6ADC21C9E7}
		{A1F21A39-51F4-4157-BCDC-7306431B0737} = {6F8309D4-0195-4C03-A97F-8D6ADC21C9E7}
	EndGlobalSection
	GlobalSection(ExtensibilityGlobals) = postSolution
		SolutionGuid = {3F04927B-8DD1-45C4-A007-5AAE669E9C19}
	EndGlobalSection
EndGlobal
