
Microsoft Visual Studio Solution File, Format Version 12.00
# Visual Studio Version 17
VisualStudioVersion = 17.13.35828.75 d17.13
MinimumVisualStudioVersion = 10.0.40219.1
Project("{2150E333-8FDC-42A3-9474-1A3956D46DE8}") = "FrontEnd", "FrontEnd", "{02EA681E-C7D8-13C7-8484-4AC65E1B71E8}"
EndProject
Project("{2150E333-8FDC-42A3-9474-1A3956D46DE8}") = "Gateway", "Gateway", "{1F1D4BFA-189C-44F5-BBF6-DF0280871717}"
EndProject
Project("{2150E333-8FDC-42A3-9474-1A3956D46DE8}") = "Integration", "Integration", "{A4D6FCD9-75C5-4CC0-B420-3AE3E050D432}"
EndProject
Project("{2150E333-8FDC-42A3-9474-1A3956D46DE8}") = "Services", "Services", "{6F8309D4-0195-4C03-A97F-8D6ADC21C9E7}"
EndProject
Project("{FAE04EC0-301F-11D3-BF4B-00C04F79EFBC}") = "Mango.Services.CouponAPI", "Mango.Services.CouponAPI\Mango.Services.CouponAPI.csproj", "{1FF7896F-A1EE-4CCE-B1C5-4C893F8ADD95}"
EndProject
Global
	GlobalSection(SolutionConfigurationPlatforms) = preSolution
		Debug|Any CPU = Debug|Any CPU
		Release|Any CPU = Release|Any CPU
	EndGlobalSection
	GlobalSection(ProjectConfigurationPlatforms) = postSolution
		{1FF7896F-A1EE-4CCE-B1C5-4C893F8ADD95}.Debug|Any CPU.ActiveCfg = Debug|Any CPU
		{1FF7896F-A1EE-4CCE-B1C5-4C893F8ADD95}.Debug|Any CPU.Build.0 = Debug|Any CPU
		{1FF7896F-A1EE-4CCE-B1C5-4C893F8ADD95}.Release|Any CPU.ActiveCfg = Release|Any CPU
		{1FF7896F-A1EE-4CCE-B1C5-4C893F8ADD95}.Release|Any CPU.Build.0 = Release|Any CPU
	EndGlobalSection
	GlobalSection(SolutionProperties) = preSolution
		HideSolutionNode = FALSE
	EndGlobalSection
	GlobalSection(NestedProjects) = preSolution
		{1FF7896F-A1EE-4CCE-B1C5-4C893F8ADD95} = {6F8309D4-0195-4C03-A97F-8D6ADC21C9E7}
	EndGlobalSection
	GlobalSection(ExtensibilityGlobals) = postSolution
		SolutionGuid = {3F04927B-8DD1-45C4-A007-5AAE669E9C19}
	EndGlobalSection
EndGlobal
